
Microsoft Visual Studio Solution File, Format Version 12.00
# Visual Studio Version 17
VisualStudioVersion = 17.14.36414.22 d17.14
MinimumVisualStudioVersion = 10.0.40219.1
Project("{FAE04EC0-301F-11D3-BF4B-00C04F79EFBC}") = "StudentHub.Application", "StudentHub.Application\StudentHub.Application.csproj", "{63CAB261-7690-D1CE-6670-0C72BB6FF9A4}"
EndProject
Project("{FAE04EC0-301F-11D3-BF4B-00C04F79EFBC}") = "StudentHub.Infrastructure", "StudentHub.Infrastructure\StudentHub.Infrastructure.csproj", "{D700367D-5925-0A09-E800-1E8EB3EBB364}"
EndProject
Project("{FAE04EC0-301F-11D3-BF4B-00C04F79EFBC}") = "StudentHub.Api", "StudentHub.Api\StudentHub.Api.csproj", "{27AF43D6-8F96-A2DC-9E5E-F68DC84C6D8D}"
EndProject
Global
	GlobalSection(SolutionConfigurationPlatforms) = preSolution
		Debug|Any CPU = Debug|Any CPU
		Release|Any CPU = Release|Any CPU
	EndGlobalSection
	GlobalSection(ProjectConfigurationPlatforms) = postSolution

		{63CAB261-7690-D1CE-6670-0C72BB6FF9A4}.Debug|Any CPU.ActiveCfg = Debug|Any CPU
		{63CAB261-7690-D1CE-6670-0C72BB6FF9A4}.Debug|Any CPU.Build.0 = Debug|Any CPU
		{63CAB261-7690-D1CE-6670-0C72BB6FF9A4}.Release|Any CPU.ActiveCfg = Release|Any CPU
		{63CAB261-7690-D1CE-6670-0C72BB6FF9A4}.Release|Any CPU.Build.0 = Release|Any CPU
		{D700367D-5925-0A09-E800-1E8EB3EBB364}.Debug|Any CPU.ActiveCfg = Debug|Any CPU
		{D700367D-5925-0A09-E800-1E8EB3EBB364}.Debug|Any CPU.Build.0 = Debug|Any CPU
		{D700367D-5925-0A09-E800-1E8EB3EBB364}.Release|Any CPU.ActiveCfg = Release|Any CPU
		{D700367D-5925-0A09-E800-1E8EB3EBB364}.Release|Any CPU.Build.0 = Release|Any CPU
		{27AF43D6-8F96-A2DC-9E5E-F68DC84C6D8D}.Debug|Any CPU.ActiveCfg = Debug|Any CPU
		{27AF43D6-8F96-A2DC-9E5E-F68DC84C6D8D}.Debug|Any CPU.Build.0 = Debug|Any CPU
		{27AF43D6-8F96-A2DC-9E5E-F68DC84C6D8D}.Release|Any CPU.ActiveCfg = Release|Any CPU
		{27AF43D6-8F96-A2DC-9E5E-F68DC84C6D8D}.Release|Any CPU.Build.0 = Release|Any CPU
	EndGlobalSection
	GlobalSection(SolutionProperties) = preSolution
		HideSolutionNode = FALSE
	EndGlobalSection
	GlobalSection(ExtensibilityGlobals) = postSolution
		SolutionGuid = {F21184AF-78BF-4A21-8B39-3A7D0C1599E1}
	EndGlobalSection
EndGlobal
